
Microsoft Visual Studio Solution File, Format Version 12.00
# Visual Studio 14
VisualStudioVersion = 14.0.25420.1
MinimumVisualStudioVersion = 10.0.40219.1
Project("{FAE04EC0-301F-11D3-BF4B-00C04F79EFBC}") = "WebApplication3", "WebApplication3\WebApplication3.csproj", "{B60B2853-EBFA-4119-884C-53EC51CB6E88}"
EndProject
Global
	GlobalSection(SolutionConfigurationPlatforms) = preSolution
		Debug|Any CPU = Debug|Any CPU
		Release|Any CPU = Release|Any CPU
	EndGlobalSection
	GlobalSection(ProjectConfigurationPlatforms) = postSolution
		{B60B2853-EBFA-4119-884C-53EC51CB6E88}.Debug|Any CPU.ActiveCfg = Debug|Any CPU
		{B60B2853-EBFA-4119-884C-53EC51CB6E88}.Debug|Any CPU.Build.0 = Debug|Any CPU
		{B60B2853-EBFA-4119-884C-53EC51CB6E88}.Release|Any CPU.ActiveCfg = Release|Any CPU
		{B60B2853-EBFA-4119-884C-53EC51CB6E88}.Release|Any CPU.Build.0 = Release|Any CPU
	EndGlobalSection
	GlobalSection(SolutionProperties) = preSolution
		HideSolutionNode = FALSE
	EndGlobalSection
EndGlobal
